
Microsoft Visual Studio Solution File, Format Version 12.00
# Visual Studio Version 16
VisualStudioVersion = 16.0.30711.63
MinimumVisualStudioVersion = 10.0.40219.1
Project("{9A19103F-16F7-4668-BE54-9A1E7A4F7556}") = "TiendaJapSoftware.Server", "TiendaJapSoftware\Server\TiendaJapSoftware.Server.csproj", "{FF258D1A-5DEB-4DB1-A4F6-99932F878108}"
EndProject
Project("{9A19103F-16F7-4668-BE54-9A1E7A4F7556}") = "TiendaJapSoftware.Client", "TiendaJapSoftware\Client\TiendaJapSoftware.Client.csproj", "{0C728E13-4834-405B-98B2-D5ADCDF95B1B}"
EndProject
Project("{9A19103F-16F7-4668-BE54-9A1E7A4F7556}") = "TiendaJapSoftware.Shared", "TiendaJapSoftware\Shared\TiendaJapSoftware.Shared.csproj", "{43B5C434-132A-4C09-8270-90A16FE8D37E}"
EndProject
Global
	GlobalSection(SolutionConfigurationPlatforms) = preSolution
		Debug|Any CPU = Debug|Any CPU
		Release|Any CPU = Release|Any CPU
	EndGlobalSection
	GlobalSection(ProjectConfigurationPlatforms) = postSolution
		{FF258D1A-5DEB-4DB1-A4F6-99932F878108}.Debug|Any CPU.ActiveCfg = Debug|Any CPU
		{FF258D1A-5DEB-4DB1-A4F6-99932F878108}.Debug|Any CPU.Build.0 = Debug|Any CPU
		{FF258D1A-5DEB-4DB1-A4F6-99932F878108}.Release|Any CPU.ActiveCfg = Release|Any CPU
		{FF258D1A-5DEB-4DB1-A4F6-99932F878108}.Release|Any CPU.Build.0 = Release|Any CPU
		{0C728E13-4834-405B-98B2-D5ADCDF95B1B}.Debug|Any CPU.ActiveCfg = Debug|Any CPU
		{0C728E13-4834-405B-98B2-D5ADCDF95B1B}.Debug|Any CPU.Build.0 = Debug|Any CPU
		{0C728E13-4834-405B-98B2-D5ADCDF95B1B}.Release|Any CPU.ActiveCfg = Release|Any CPU
		{0C728E13-4834-405B-98B2-D5ADCDF95B1B}.Release|Any CPU.Build.0 = Release|Any CPU
		{43B5C434-132A-4C09-8270-90A16FE8D37E}.Debug|Any CPU.ActiveCfg = Debug|Any CPU
		{43B5C434-132A-4C09-8270-90A16FE8D37E}.Debug|Any CPU.Build.0 = Debug|Any CPU
		{43B5C434-132A-4C09-8270-90A16FE8D37E}.Release|Any CPU.ActiveCfg = Release|Any CPU
		{43B5C434-132A-4C09-8270-90A16FE8D37E}.Release|Any CPU.Build.0 = Release|Any CPU
	EndGlobalSection
	GlobalSection(SolutionProperties) = preSolution
		HideSolutionNode = FALSE
	EndGlobalSection
	GlobalSection(ExtensibilityGlobals) = postSolution
		SolutionGuid = {ABB8DFB6-42C7-4D97-AFDF-6653B1C21F5B}
	EndGlobalSection
EndGlobal
